// !$*UTF8*$!
{
	archiveVersion = 1;
	classes = {
	};
	objectVersion = 48;
	objects = {

/* Begin PBXBuildFile section */
		8B4978F4204A078200CC23DA /* RtcpSdesPacket.swift in Sources */ = {isa = PBXBuildFile; fileRef = 8B4978F3204A078200CC23DA /* RtcpSdesPacket.swift */; };
		8B7EF4D32072EFA3007902E5 /* RtcpByePacket.swift in Sources */ = {isa = PBXBuildFile; fileRef = 8B7EF4D22072EFA3007902E5 /* RtcpByePacket.swift */; };
		8BBB644F2036153800E7F29A /* SchwiftyRTP.framework in Frameworks */ = {isa = PBXBuildFile; fileRef = 8BBB64452036153800E7F29A /* SchwiftyRTP.framework */; };
		8BBB64542036153800E7F29A /* SchwiftyRTPTests.swift in Sources */ = {isa = PBXBuildFile; fileRef = 8BBB64532036153800E7F29A /* SchwiftyRTPTests.swift */; };
		8BBB64562036153800E7F29A /* SchwiftyRTP.h in Headers */ = {isa = PBXBuildFile; fileRef = 8BBB64482036153800E7F29A /* SchwiftyRTP.h */; settings = {ATTRIBUTES = (Public, ); }; };
		8BBB64612036170100E7F29A /* RtpHeader.swift in Sources */ = {isa = PBXBuildFile; fileRef = 8BBB64602036170100E7F29A /* RtpHeader.swift */; };
		8BBB649F203E189600E7F29A /* RtcpPacket.swift in Sources */ = {isa = PBXBuildFile; fileRef = 8BBB649E203E189600E7F29A /* RtcpPacket.swift */; };
/* End PBXBuildFile section */

/* Begin PBXContainerItemProxy section */
		8BBB64502036153800E7F29A /* PBXContainerItemProxy */ = {
			isa = PBXContainerItemProxy;
			containerPortal = 8BBB643C2036153800E7F29A /* Project object */;
			proxyType = 1;
			remoteGlobalIDString = 8BBB64442036153800E7F29A;
			remoteInfo = SchwiftyRTP;
		};
/* End PBXContainerItemProxy section */

/* Begin PBXFileReference section */
		8B4978F3204A078200CC23DA /* RtcpSdesPacket.swift */ = {isa = PBXFileReference; lastKnownFileType = sourcecode.swift; path = RtcpSdesPacket.swift; sourceTree = "<group>"; };
		8B7EF4D22072EFA3007902E5 /* RtcpByePacket.swift */ = {isa = PBXFileReference; lastKnownFileType = sourcecode.swift; path = RtcpByePacket.swift; sourceTree = "<group>"; };
		8BBB64452036153800E7F29A /* SchwiftyRTP.framework */ = {isa = PBXFileReference; explicitFileType = wrapper.framework; includeInIndex = 0; path = SchwiftyRTP.framework; sourceTree = BUILT_PRODUCTS_DIR; };
		8BBB64482036153800E7F29A /* SchwiftyRTP.h */ = {isa = PBXFileReference; lastKnownFileType = sourcecode.c.h; path = SchwiftyRTP.h; sourceTree = "<group>"; };
		8BBB64492036153800E7F29A /* Info.plist */ = {isa = PBXFileReference; lastKnownFileType = text.plist.xml; path = Info.plist; sourceTree = "<group>"; };
		8BBB644E2036153800E7F29A /* SchwiftyRTPTests.xctest */ = {isa = PBXFileReference; explicitFileType = wrapper.cfbundle; includeInIndex = 0; path = SchwiftyRTPTests.xctest; sourceTree = BUILT_PRODUCTS_DIR; };
		8BBB64532036153800E7F29A /* SchwiftyRTPTests.swift */ = {isa = PBXFileReference; lastKnownFileType = sourcecode.swift; path = SchwiftyRTPTests.swift; sourceTree = "<group>"; };
		8BBB64552036153800E7F29A /* Info.plist */ = {isa = PBXFileReference; lastKnownFileType = text.plist.xml; path = Info.plist; sourceTree = "<group>"; };
		8BBB64602036170100E7F29A /* RtpHeader.swift */ = {isa = PBXFileReference; lastKnownFileType = sourcecode.swift; path = RtpHeader.swift; sourceTree = "<group>"; };
		8BBB649E203E189600E7F29A /* RtcpPacket.swift */ = {isa = PBXFileReference; lastKnownFileType = sourcecode.swift; path = RtcpPacket.swift; sourceTree = "<group>"; };
/* End PBXFileReference section */

/* Begin PBXFrameworksBuildPhase section */
		8BBB64412036153800E7F29A /* Frameworks */ = {
			isa = PBXFrameworksBuildPhase;
			buildActionMask = 2147483647;
			files = (
			);
			runOnlyForDeploymentPostprocessing = 0;
		};
		8BBB644B2036153800E7F29A /* Frameworks */ = {
			isa = PBXFrameworksBuildPhase;
			buildActionMask = 2147483647;
			files = (
				8BBB644F2036153800E7F29A /* SchwiftyRTP.framework in Frameworks */,
			);
			runOnlyForDeploymentPostprocessing = 0;
		};
/* End PBXFrameworksBuildPhase section */

/* Begin PBXGroup section */
		8BBB643B2036153800E7F29A = {
			isa = PBXGroup;
			children = (
				8BBB64472036153800E7F29A /* SchwiftyRTP */,
				8BBB64522036153800E7F29A /* SchwiftyRTPTests */,
				8BBB64462036153800E7F29A /* Products */,
			);
			sourceTree = "<group>";
		};
		8BBB64462036153800E7F29A /* Products */ = {
			isa = PBXGroup;
			children = (
				8BBB64452036153800E7F29A /* SchwiftyRTP.framework */,
				8BBB644E2036153800E7F29A /* SchwiftyRTPTests.xctest */,
			);
			name = Products;
			sourceTree = "<group>";
		};
		8BBB64472036153800E7F29A /* SchwiftyRTP */ = {
			isa = PBXGroup;
			children = (
				8BBB645F203616B600E7F29A /* Packets */,
				8BBB64482036153800E7F29A /* SchwiftyRTP.h */,
				8BBB64492036153800E7F29A /* Info.plist */,
			);
			path = SchwiftyRTP;
			sourceTree = "<group>";
		};
		8BBB64522036153800E7F29A /* SchwiftyRTPTests */ = {
			isa = PBXGroup;
			children = (
				8BBB64532036153800E7F29A /* SchwiftyRTPTests.swift */,
				8BBB64552036153800E7F29A /* Info.plist */,
			);
			path = SchwiftyRTPTests;
			sourceTree = "<group>";
		};
		8BBB645F203616B600E7F29A /* Packets */ = {
			isa = PBXGroup;
			children = (
				8BBB64602036170100E7F29A /* RtpHeader.swift */,
				8BBB649E203E189600E7F29A /* RtcpPacket.swift */,
				8B4978F3204A078200CC23DA /* RtcpSdesPacket.swift */,
				8B7EF4D22072EFA3007902E5 /* RtcpByePacket.swift */,
			);
			path = Packets;
			sourceTree = "<group>";
		};
/* End PBXGroup section */

/* Begin PBXHeadersBuildPhase section */
		8BBB64422036153800E7F29A /* Headers */ = {
			isa = PBXHeadersBuildPhase;
			buildActionMask = 2147483647;
			files = (
				8BBB64562036153800E7F29A /* SchwiftyRTP.h in Headers */,
			);
			runOnlyForDeploymentPostprocessing = 0;
		};
/* End PBXHeadersBuildPhase section */

/* Begin PBXNativeTarget section */
		8BBB64442036153800E7F29A /* SchwiftyRTP */ = {
			isa = PBXNativeTarget;
			buildConfigurationList = 8BBB64592036153800E7F29A /* Build configuration list for PBXNativeTarget "SchwiftyRTP" */;
			buildPhases = (
				8BBB64402036153800E7F29A /* Sources */,
				8BBB64412036153800E7F29A /* Frameworks */,
				8BBB64422036153800E7F29A /* Headers */,
				8BBB64432036153800E7F29A /* Resources */,
			);
			buildRules = (
			);
			dependencies = (
			);
			name = SchwiftyRTP;
			productName = SchwiftyRTP;
			productReference = 8BBB64452036153800E7F29A /* SchwiftyRTP.framework */;
			productType = "com.apple.product-type.framework";
		};
		8BBB644D2036153800E7F29A /* SchwiftyRTPTests */ = {
			isa = PBXNativeTarget;
			buildConfigurationList = 8BBB645C2036153800E7F29A /* Build configuration list for PBXNativeTarget "SchwiftyRTPTests" */;
			buildPhases = (
				8BBB644A2036153800E7F29A /* Sources */,
				8BBB644B2036153800E7F29A /* Frameworks */,
				8BBB644C2036153800E7F29A /* Resources */,
			);
			buildRules = (
			);
			dependencies = (
				8BBB64512036153800E7F29A /* PBXTargetDependency */,
			);
			name = SchwiftyRTPTests;
			productName = SchwiftyRTPTests;
			productReference = 8BBB644E2036153800E7F29A /* SchwiftyRTPTests.xctest */;
			productType = "com.apple.product-type.bundle.unit-test";
		};
/* End PBXNativeTarget section */

/* Begin PBXProject section */
		8BBB643C2036153800E7F29A /* Project object */ = {
			isa = PBXProject;
			attributes = {
				LastSwiftUpdateCheck = 0920;
				LastUpgradeCheck = 0920;
				ORGANIZATIONNAME = "Joshua Maciak";
				TargetAttributes = {
					8BBB64442036153800E7F29A = {
						CreatedOnToolsVersion = 9.2;
						LastSwiftMigration = 0920;
						ProvisioningStyle = Automatic;
					};
					8BBB644D2036153800E7F29A = {
						CreatedOnToolsVersion = 9.2;
						ProvisioningStyle = Automatic;
					};
				};
			};
			buildConfigurationList = 8BBB643F2036153800E7F29A /* Build configuration list for PBXProject "SchwiftyRTP" */;
			compatibilityVersion = "Xcode 8.0";
			developmentRegion = en;
			hasScannedForEncodings = 0;
			knownRegions = (
				en,
			);
			mainGroup = 8BBB643B2036153800E7F29A;
			productRefGroup = 8BBB64462036153800E7F29A /* Products */;
			projectDirPath = "";
			projectRoot = "";
			targets = (
				8BBB64442036153800E7F29A /* SchwiftyRTP */,
				8BBB644D2036153800E7F29A /* SchwiftyRTPTests */,
			);
		};
/* End PBXProject section */

/* Begin PBXResourcesBuildPhase section */
		8BBB64432036153800E7F29A /* Resources */ = {
			isa = PBXResourcesBuildPhase;
			buildActionMask = 2147483647;
			files = (
			);
			runOnlyForDeploymentPostprocessing = 0;
		};
		8BBB644C2036153800E7F29A /* Resources */ = {
			isa = PBXResourcesBuildPhase;
			buildActionMask = 2147483647;
			files = (
			);
			runOnlyForDeploymentPostprocessing = 0;
		};
/* End PBXResourcesBuildPhase section */

/* Begin PBXSourcesBuildPhase section */
		8BBB64402036153800E7F29A /* Sources */ = {
			isa = PBXSourcesBuildPhase;
			buildActionMask = 2147483647;
			files = (
				8B4978F4204A078200CC23DA /* RtcpSdesPacket.swift in Sources */,
				8BBB649F203E189600E7F29A /* RtcpPacket.swift in Sources */,
				8B7EF4D32072EFA3007902E5 /* RtcpByePacket.swift in Sources */,
				8BBB64612036170100E7F29A /* RtpHeader.swift in Sources */,
			);
			runOnlyForDeploymentPostprocessing = 0;
		};
		8BBB644A2036153800E7F29A /* Sources */ = {
			isa = PBXSourcesBuildPhase;
			buildActionMask = 2147483647;
			files = (
				8BBB64542036153800E7F29A /* SchwiftyRTPTests.swift in Sources */,
			);
			runOnlyForDeploymentPostprocessing = 0;
		};
/* End PBXSourcesBuildPhase section */

/* Begin PBXTargetDependency section */
		8BBB64512036153800E7F29A /* PBXTargetDependency */ = {
			isa = PBXTargetDependency;
			target = 8BBB64442036153800E7F29A /* SchwiftyRTP */;
			targetProxy = 8BBB64502036153800E7F29A /* PBXContainerItemProxy */;
		};
/* End PBXTargetDependency section */

/* Begin XCBuildConfiguration section */
		8BBB64572036153800E7F29A /* Debug */ = {
			isa = XCBuildConfiguration;
			buildSettings = {
				ALWAYS_SEARCH_USER_PATHS = NO;
				CLANG_ANALYZER_NONNULL = YES;
				CLANG_ANALYZER_NUMBER_OBJECT_CONVERSION = YES_AGGRESSIVE;
				CLANG_CXX_LANGUAGE_STANDARD = "gnu++14";
				CLANG_CXX_LIBRARY = "libc++";
				CLANG_ENABLE_MODULES = YES;
				CLANG_ENABLE_OBJC_ARC = YES;
				CLANG_WARN_BLOCK_CAPTURE_AUTORELEASING = YES;
				CLANG_WARN_BOOL_CONVERSION = YES;
				CLANG_WARN_COMMA = YES;
				CLANG_WARN_CONSTANT_CONVERSION = YES;
				CLANG_WARN_DIRECT_OBJC_ISA_USAGE = YES_ERROR;
				CLANG_WARN_DOCUMENTATION_COMMENTS = YES;
				CLANG_WARN_EMPTY_BODY = YES;
				CLANG_WARN_ENUM_CONVERSION = YES;
				CLANG_WARN_INFINITE_RECURSION = YES;
				CLANG_WARN_INT_CONVERSION = YES;
				CLANG_WARN_NON_LITERAL_NULL_CONVERSION = YES;
				CLANG_WARN_OBJC_LITERAL_CONVERSION = YES;
				CLANG_WARN_OBJC_ROOT_CLASS = YES_ERROR;
				CLANG_WARN_RANGE_LOOP_ANALYSIS = YES;
				CLANG_WARN_STRICT_PROTOTYPES = YES;
				CLANG_WARN_SUSPICIOUS_MOVE = YES;
				CLANG_WARN_UNGUARDED_AVAILABILITY = YES_AGGRESSIVE;
				CLANG_WARN_UNREACHABLE_CODE = YES;
				CLANG_WARN__DUPLICATE_METHOD_MATCH = YES;
				CODE_SIGN_IDENTITY = "iPhone Developer";
				COPY_PHASE_STRIP = NO;
				CURRENT_PROJECT_VERSION = 1;
				DEBUG_INFORMATION_FORMAT = dwarf;
				ENABLE_STRICT_OBJC_MSGSEND = YES;
				ENABLE_TESTABILITY = YES;
				GCC_C_LANGUAGE_STANDARD = gnu11;
				GCC_DYNAMIC_NO_PIC = NO;
				GCC_NO_COMMON_BLOCKS = YES;
				GCC_OPTIMIZATION_LEVEL = 0;
				GCC_PREPROCESSOR_DEFINITIONS = (
					"DEBUG=1",
					"$(inherited)",
				);
				GCC_WARN_64_TO_32_BIT_CONVERSION = YES;
				GCC_WARN_ABOUT_RETURN_TYPE = YES_ERROR;
				GCC_WARN_UNDECLARED_SELECTOR = YES;
				GCC_WARN_UNINITIALIZED_AUTOS = YES_AGGRESSIVE;
				GCC_WARN_UNUSED_FUNCTION = YES;
				GCC_WARN_UNUSED_VARIABLE = YES;
				IPHONEOS_DEPLOYMENT_TARGET = 11.2;
				MTL_ENABLE_DEBUG_INFO = YES;
				ONLY_ACTIVE_ARCH = YES;
				SDKROOT = iphoneos;
				SWIFT_ACTIVE_COMPILATION_CONDITIONS = DEBUG;
				SWIFT_OPTIMIZATION_LEVEL = "-Onone";
				VERSIONING_SYSTEM = "apple-generic";
				VERSION_INFO_PREFIX = "";
			};
			name = Debug;
		};
		8BBB64582036153800E7F29A /* Release */ = {
			isa = XCBuildConfiguration;
			buildSettings = {
				ALWAYS_SEARCH_USER_PATHS = NO;
				CLANG_ANALYZER_NONNULL = YES;
				CLANG_ANALYZER_NUMBER_OBJECT_CONVERSION = YES_AGGRESSIVE;
				CLANG_CXX_LANGUAGE_STANDARD = "gnu++14";
				CLANG_CXX_LIBRARY = "libc++";
				CLANG_ENABLE_MODULES = YES;
				CLANG_ENABLE_OBJC_ARC = YES;
				CLANG_WARN_BLOCK_CAPTURE_AUTORELEASING = YES;
				CLANG_WARN_BOOL_CONVERSION = YES;
				CLANG_WARN_COMMA = YES;
				CLANG_WARN_CONSTANT_CONVERSION = YES;
				CLANG_WARN_DIRECT_OBJC_ISA_USAGE = YES_ERROR;
				CLANG_WARN_DOCUMENTATION_COMMENTS = YES;
				CLANG_WARN_EMPTY_BODY = YES;
				CLANG_WARN_ENUM_CONVERSION = YES;
				CLANG_WARN_INFINITE_RECURSION = YES;
				CLANG_WARN_INT_CONVERSION = YES;
				CLANG_WARN_NON_LITERAL_NULL_CONVERSION = YES;
				CLANG_WARN_OBJC_LITERAL_CONVERSION = YES;
				CLANG_WARN_OBJC_ROOT_CLASS = YES_ERROR;
				CLANG_WARN_RANGE_LOOP_ANALYSIS = YES;
				CLANG_WARN_STRICT_PROTOTYPES = YES;
				CLANG_WARN_SUSPICIOUS_MOVE = YES;
				CLANG_WARN_UNGUARDED_AVAILABILITY = YES_AGGRESSIVE;
				CLANG_WARN_UNREACHABLE_CODE = YES;
				CLANG_WARN__DUPLICATE_METHOD_MATCH = YES;
				CODE_SIGN_IDENTITY = "iPhone Developer";
				COPY_PHASE_STRIP = NO;
				CURRENT_PROJECT_VERSION = 1;
				DEBUG_INFORMATION_FORMAT = "dwarf-with-dsym";
				ENABLE_NS_ASSERTIONS = NO;
				ENABLE_STRICT_OBJC_MSGSEND = YES;
				GCC_C_LANGUAGE_STANDARD = gnu11;
				GCC_NO_COMMON_BLOCKS = YES;
				GCC_WARN_64_TO_32_BIT_CONVERSION = YES;
				GCC_WARN_ABOUT_RETURN_TYPE = YES_ERROR;
				GCC_WARN_UNDECLARED_SELECTOR = YES;
				GCC_WARN_UNINITIALIZED_AUTOS = YES_AGGRESSIVE;
				GCC_WARN_UNUSED_FUNCTION = YES;
				GCC_WARN_UNUSED_VARIABLE = YES;
				IPHONEOS_DEPLOYMENT_TARGET = 11.2;
				MTL_ENABLE_DEBUG_INFO = NO;
				SDKROOT = iphoneos;
				SWIFT_OPTIMIZATION_LEVEL = "-Owholemodule";
				VALIDATE_PRODUCT = YES;
				VERSIONING_SYSTEM = "apple-generic";
				VERSION_INFO_PREFIX = "";
			};
			name = Release;
		};
		8BBB645A2036153800E7F29A /* Debug */ = {
			isa = XCBuildConfiguration;
			buildSettings = {
				CLANG_ENABLE_MODULES = YES;
				CODE_SIGN_IDENTITY = "";
				CODE_SIGN_STYLE = Automatic;
				DEFINES_MODULE = YES;
				DEVELOPMENT_TEAM = M4NG8H85KW;
				DYLIB_COMPATIBILITY_VERSION = 1;
				DYLIB_CURRENT_VERSION = 1;
				DYLIB_INSTALL_NAME_BASE = "@rpath";
				INFOPLIST_FILE = SchwiftyRTP/Info.plist;
				INSTALL_PATH = "$(LOCAL_LIBRARY_DIR)/Frameworks";
				LD_RUNPATH_SEARCH_PATHS = "$(inherited) @executable_path/Frameworks @loader_path/Frameworks";
				PRODUCT_BUNDLE_IDENTIFIER = com.jmaciak.SchwiftyRTP;
				PRODUCT_NAME = "$(TARGET_NAME:c99extidentifier)";
				SKIP_INSTALL = YES;
				SWIFT_OPTIMIZATION_LEVEL = "-Onone";
				SWIFT_VERSION = 4.0;
				TARGETED_DEVICE_FAMILY = "1,2";
			};
			name = Debug;
		};
		8BBB645B2036153800E7F29A /* Release */ = {
			isa = XCBuildConfiguration;
			buildSettings = {
				CLANG_ENABLE_MODULES = YES;
				CODE_SIGN_IDENTITY = "";
				CODE_SIGN_STYLE = Automatic;
				DEFINES_MODULE = YES;
				DEVELOPMENT_TEAM = M4NG8H85KW;
				DYLIB_COMPATIBILITY_VERSION = 1;
				DYLIB_CURRENT_VERSION = 1;
				DYLIB_INSTALL_NAME_BASE = "@rpath";
				INFOPLIST_FILE = SchwiftyRTP/Info.plist;
				INSTALL_PATH = "$(LOCAL_LIBRARY_DIR)/Frameworks";
				LD_RUNPATH_SEARCH_PATHS = "$(inherited) @executable_path/Frameworks @loader_path/Frameworks";
				PRODUCT_BUNDLE_IDENTIFIER = com.jmaciak.SchwiftyRTP;
				PRODUCT_NAME = "$(TARGET_NAME:c99extidentifier)";
				SKIP_INSTALL = YES;
				SWIFT_VERSION = 4.0;
				TARGETED_DEVICE_FAMILY = "1,2";
			};
			name = Release;
		};
		8BBB645D2036153800E7F29A /* Debug */ = {
			isa = XCBuildConfiguration;
			buildSettings = {
				ALWAYS_EMBED_SWIFT_STANDARD_LIBRARIES = YES;
				CODE_SIGN_STYLE = Automatic;
				DEVELOPMENT_TEAM = M4NG8H85KW;
				INFOPLIST_FILE = SchwiftyRTPTests/Info.plist;
				LD_RUNPATH_SEARCH_PATHS = "$(inherited) @executable_path/Frameworks @loader_path/Frameworks";
				PRODUCT_BUNDLE_IDENTIFIER = com.jmaciak.SchwiftyRTPTests;
				PRODUCT_NAME = "$(TARGET_NAME)";
				SWIFT_VERSION = 4.0;
				TARGETED_DEVICE_FAMILY = "1,2";
			};
			name = Debug;
		};
		8BBB645E2036153800E7F29A /* Release */ = {
			isa = XCBuildConfiguration;
			buildSettings = {
				ALWAYS_EMBED_SWIFT_STANDARD_LIBRARIES = YES;
				CODE_SIGN_STYLE = Automatic;
				DEVELOPMENT_TEAM = M4NG8H85KW;
				INFOPLIST_FILE = SchwiftyRTPTests/Info.plist;
				LD_RUNPATH_SEARCH_PATHS = "$(inherited) @executable_path/Frameworks @loader_path/Frameworks";
				PRODUCT_BUNDLE_IDENTIFIER = com.jmaciak.SchwiftyRTPTests;
				PRODUCT_NAME = "$(TARGET_NAME)";
				SWIFT_VERSION = 4.0;
				TARGETED_DEVICE_FAMILY = "1,2";
			};
			name = Release;
		};
/* End XCBuildConfiguration section */

/* Begin XCConfigurationList section */
		8BBB643F2036153800E7F29A /* Build configuration list for PBXProject "SchwiftyRTP" */ = {
			isa = XCConfigurationList;
			buildConfigurations = (
				8BBB64572036153800E7F29A /* Debug */,
				8BBB64582036153800E7F29A /* Release */,
			);
			defaultConfigurationIsVisible = 0;
			defaultConfigurationName = Release;
		};
		8BBB64592036153800E7F29A /* Build configuration list for PBXNativeTarget "SchwiftyRTP" */ = {
			isa = XCConfigurationList;
			buildConfigurations = (
				8BBB645A2036153800E7F29A /* Debug */,
				8BBB645B2036153800E7F29A /* Release */,
			);
			defaultConfigurationIsVisible = 0;
			defaultConfigurationName = Release;
		};
		8BBB645C2036153800E7F29A /* Build configuration list for PBXNativeTarget "SchwiftyRTPTests" */ = {
			isa = XCConfigurationList;
			buildConfigurations = (
				8BBB645D2036153800E7F29A /* Debug */,
				8BBB645E2036153800E7F29A /* Release */,
			);
			defaultConfigurationIsVisible = 0;
			defaultConfigurationName = Release;
		};
/* End XCConfigurationList section */
	};
	rootObject = 8BBB643C2036153800E7F29A /* Project object */;
}
